
Microsoft Visual Studio Solution File, Format Version 12.00
# Visual Studio Version 17
VisualStudioVersion = 17.12.35527.113 d17.12
MinimumVisualStudioVersion = 10.0.40219.1
Project("{FAE04EC0-301F-11D3-BF4B-00C04F79EFBC}") = "SeConselhoFosseBom", "SeConselhoFosseBom\SeConselhoFosseBom.csproj", "{94EE4BD2-4701-44ED-B027-C4CFC89F3950}"
EndProject
Project("{FAE04EC0-301F-11D3-BF4B-00C04F79EFBC}") = "SeConselhoFosseBom.Class", "SeConselhoFosseBom.Class\SeConselhoFosseBom.Class.csproj", "{87128CD9-D0D1-4237-B9BF-0C404D5894DD}"
EndProject
Global
	GlobalSection(SolutionConfigurationPlatforms) = preSolution
		Debug|Any CPU = Debug|Any CPU
		Release|Any CPU = Release|Any CPU
	EndGlobalSection
	GlobalSection(ProjectConfigurationPlatforms) = postSolution
		{94EE4BD2-4701-44ED-B027-C4CFC89F3950}.Debug|Any CPU.ActiveCfg = Debug|Any CPU
		{94EE4BD2-4701-44ED-B027-C4CFC89F3950}.Debug|Any CPU.Build.0 = Debug|Any CPU
		{94EE4BD2-4701-44ED-B027-C4CFC89F3950}.Release|Any CPU.ActiveCfg = Release|Any CPU
		{94EE4BD2-4701-44ED-B027-C4CFC89F3950}.Release|Any CPU.Build.0 = Release|Any CPU
		{87128CD9-D0D1-4237-B9BF-0C404D5894DD}.Debug|Any CPU.ActiveCfg = Debug|Any CPU
		{87128CD9-D0D1-4237-B9BF-0C404D5894DD}.Debug|Any CPU.Build.0 = Debug|Any CPU
		{87128CD9-D0D1-4237-B9BF-0C404D5894DD}.Release|Any CPU.ActiveCfg = Release|Any CPU
		{87128CD9-D0D1-4237-B9BF-0C404D5894DD}.Release|Any CPU.Build.0 = Release|Any CPU
	EndGlobalSection
	GlobalSection(SolutionProperties) = preSolution
		HideSolutionNode = FALSE
	EndGlobalSection
EndGlobal
